
Microsoft Visual Studio Solution File, Format Version 12.00
# Visual Studio Version 17
VisualStudioVersion = 17.7.34202.233
MinimumVisualStudioVersion = 10.0.40219.1
Project("{9A19103F-16F7-4668-BE54-9A1E7A4F7556}") = "Server", "Server\Server.csproj", "{F6915A15-F38C-4E52-B202-AB6AC6BBDDCD}"
EndProject
Project("{9A19103F-16F7-4668-BE54-9A1E7A4F7556}") = "Common", "Common\Common.csproj", "{4321C768-D4D9-4E32-984D-327BC6DAF2A3}"
EndProject
Project("{FAE04EC0-301F-11D3-BF4B-00C04F79EFBC}") = "Client", "Client\Client.csproj", "{DB172728-CD37-451B-BE13-0791F7F03258}"
EndProject
Global
	GlobalSection(SolutionConfigurationPlatforms) = preSolution
		Debug|Any CPU = Debug|Any CPU
		Release|Any CPU = Release|Any CPU
	EndGlobalSection
	GlobalSection(ProjectConfigurationPlatforms) = postSolution
		{F6915A15-F38C-4E52-B202-AB6AC6BBDDCD}.Debug|Any CPU.ActiveCfg = Debug|Any CPU
		{F6915A15-F38C-4E52-B202-AB6AC6BBDDCD}.Debug|Any CPU.Build.0 = Debug|Any CPU
		{F6915A15-F38C-4E52-B202-AB6AC6BBDDCD}.Release|Any CPU.ActiveCfg = Release|Any CPU
		{F6915A15-F38C-4E52-B202-AB6AC6BBDDCD}.Release|Any CPU.Build.0 = Release|Any CPU
		{4321C768-D4D9-4E32-984D-327BC6DAF2A3}.Debug|Any CPU.ActiveCfg = Debug|Any CPU
		{4321C768-D4D9-4E32-984D-327BC6DAF2A3}.Debug|Any CPU.Build.0 = Debug|Any CPU
		{4321C768-D4D9-4E32-984D-327BC6DAF2A3}.Release|Any CPU.ActiveCfg = Release|Any CPU
		{4321C768-D4D9-4E32-984D-327BC6DAF2A3}.Release|Any CPU.Build.0 = Release|Any CPU
		{DB172728-CD37-451B-BE13-0791F7F03258}.Debug|Any CPU.ActiveCfg = Debug|Any CPU
		{DB172728-CD37-451B-BE13-0791F7F03258}.Debug|Any CPU.Build.0 = Debug|Any CPU
		{DB172728-CD37-451B-BE13-0791F7F03258}.Release|Any CPU.ActiveCfg = Release|Any CPU
		{DB172728-CD37-451B-BE13-0791F7F03258}.Release|Any CPU.Build.0 = Release|Any CPU
	EndGlobalSection
	GlobalSection(SolutionProperties) = preSolution
		HideSolutionNode = FALSE
	EndGlobalSection
	GlobalSection(ExtensibilityGlobals) = postSolution
		SolutionGuid = {0B1A3AEC-9E75-4EC8-A740-C4902E0154B0}
	EndGlobalSection
EndGlobal
